// !$*UTF8*$!
{
	archiveVersion = 1;
	classes = {
	};
	objectVersion = 55;
	objects = {

/* Begin PBXBuildFile section */
		F3FF50752830B0B4005835D7 /* AppDelegate.swift in Sources */ = {isa = PBXBuildFile; fileRef = F3FF50742830B0B4005835D7 /* AppDelegate.swift */; };
		F3FF50772830B0B4005835D7 /* SceneDelegate.swift in Sources */ = {isa = PBXBuildFile; fileRef = F3FF50762830B0B4005835D7 /* SceneDelegate.swift */; };
		F3FF50792830B0B4005835D7 /* HomeViewController.swift in Sources */ = {isa = PBXBuildFile; fileRef = F3FF50782830B0B4005835D7 /* HomeViewController.swift */; };
		F3FF507C2830B0B4005835D7 /* Main.storyboard in Resources */ = {isa = PBXBuildFile; fileRef = F3FF507A2830B0B4005835D7 /* Main.storyboard */; };
		F3FF507E2830B0BE005835D7 /* Assets.xcassets in Resources */ = {isa = PBXBuildFile; fileRef = F3FF507D2830B0BE005835D7 /* Assets.xcassets */; };
		F3FF50812830B0BE005835D7 /* LaunchScreen.storyboard in Resources */ = {isa = PBXBuildFile; fileRef = F3FF507F2830B0BE005835D7 /* LaunchScreen.storyboard */; };
		F3FF50892830CE2B005835D7 /* MovieCollectionViewCell.swift in Sources */ = {isa = PBXBuildFile; fileRef = F3FF50882830CE2A005835D7 /* MovieCollectionViewCell.swift */; };
		F3FF508B2830D093005835D7 /* Movie.swift in Sources */ = {isa = PBXBuildFile; fileRef = F3FF508A2830D093005835D7 /* Movie.swift */; };
		F3FF508F2837E12B005835D7 /* MovieManager.swift in Sources */ = {isa = PBXBuildFile; fileRef = F3FF508E2837E12B005835D7 /* MovieManager.swift */; };
		F3FF50922837F467005835D7 /* TicketsViewController.swift in Sources */ = {isa = PBXBuildFile; fileRef = F3FF50912837F467005835D7 /* TicketsViewController.swift */; };
		F3FF50942837F52B005835D7 /* MovieDetailsViewController.swift in Sources */ = {isa = PBXBuildFile; fileRef = F3FF50932837F52B005835D7 /* MovieDetailsViewController.swift */; };
/* End PBXBuildFile section */

/* Begin PBXFileReference section */
		F3FF50712830B0B4005835D7 /* CineBook.app */ = {isa = PBXFileReference; explicitFileType = wrapper.application; includeInIndex = 0; path = CineBook.app; sourceTree = BUILT_PRODUCTS_DIR; };
		F3FF50742830B0B4005835D7 /* AppDelegate.swift */ = {isa = PBXFileReference; lastKnownFileType = sourcecode.swift; path = AppDelegate.swift; sourceTree = "<group>"; };
		F3FF50762830B0B4005835D7 /* SceneDelegate.swift */ = {isa = PBXFileReference; lastKnownFileType = sourcecode.swift; path = SceneDelegate.swift; sourceTree = "<group>"; };
		F3FF50782830B0B4005835D7 /* HomeViewController.swift */ = {isa = PBXFileReference; lastKnownFileType = sourcecode.swift; path = HomeViewController.swift; sourceTree = "<group>"; };
		F3FF507B2830B0B4005835D7 /* Base */ = {isa = PBXFileReference; lastKnownFileType = file.storyboard; name = Base; path = Base.lproj/Main.storyboard; sourceTree = "<group>"; };
		F3FF507D2830B0BE005835D7 /* Assets.xcassets */ = {isa = PBXFileReference; lastKnownFileType = folder.assetcatalog; path = Assets.xcassets; sourceTree = "<group>"; };
		F3FF50802830B0BE005835D7 /* Base */ = {isa = PBXFileReference; lastKnownFileType = file.storyboard; name = Base; path = Base.lproj/LaunchScreen.storyboard; sourceTree = "<group>"; };
		F3FF50822830B0BE005835D7 /* Info.plist */ = {isa = PBXFileReference; lastKnownFileType = text.plist.xml; path = Info.plist; sourceTree = "<group>"; };
		F3FF50882830CE2A005835D7 /* MovieCollectionViewCell.swift */ = {isa = PBXFileReference; lastKnownFileType = sourcecode.swift; path = MovieCollectionViewCell.swift; sourceTree = "<group>"; };
		F3FF508A2830D093005835D7 /* Movie.swift */ = {isa = PBXFileReference; lastKnownFileType = sourcecode.swift; path = Movie.swift; sourceTree = "<group>"; };
		F3FF508E2837E12B005835D7 /* MovieManager.swift */ = {isa = PBXFileReference; lastKnownFileType = sourcecode.swift; path = MovieManager.swift; sourceTree = "<group>"; };
		F3FF50912837F467005835D7 /* TicketsViewController.swift */ = {isa = PBXFileReference; lastKnownFileType = sourcecode.swift; path = TicketsViewController.swift; sourceTree = "<group>"; };
		F3FF50932837F52B005835D7 /* MovieDetailsViewController.swift */ = {isa = PBXFileReference; lastKnownFileType = sourcecode.swift; path = MovieDetailsViewController.swift; sourceTree = "<group>"; };
/* End PBXFileReference section */

/* Begin PBXFrameworksBuildPhase section */
		F3FF506E2830B0B4005835D7 /* Frameworks */ = {
			isa = PBXFrameworksBuildPhase;
			buildActionMask = 2147483647;
			files = (
			);
			runOnlyForDeploymentPostprocessing = 0;
		};
/* End PBXFrameworksBuildPhase section */

/* Begin PBXGroup section */
		F3FF50682830B0B4005835D7 = {
			isa = PBXGroup;
			children = (
				F3FF50732830B0B4005835D7 /* CineBook */,
				F3FF50722830B0B4005835D7 /* Products */,
			);
			sourceTree = "<group>";
		};
		F3FF50722830B0B4005835D7 /* Products */ = {
			isa = PBXGroup;
			children = (
				F3FF50712830B0B4005835D7 /* CineBook.app */,
			);
			name = Products;
			sourceTree = "<group>";
		};
		F3FF50732830B0B4005835D7 /* CineBook */ = {
			isa = PBXGroup;
			children = (
				F3FF50742830B0B4005835D7 /* AppDelegate.swift */,
				F3FF50762830B0B4005835D7 /* SceneDelegate.swift */,
				F3FF508A2830D093005835D7 /* Movie.swift */,
				F3FF508E2837E12B005835D7 /* MovieManager.swift */,
				F3FF507A2830B0B4005835D7 /* Main.storyboard */,
				F3FF50902837F445005835D7 /* View */,
				F3FF507D2830B0BE005835D7 /* Assets.xcassets */,
				F3FF507F2830B0BE005835D7 /* LaunchScreen.storyboard */,
				F3FF50822830B0BE005835D7 /* Info.plist */,
			);
			path = CineBook;
			sourceTree = "<group>";
		};
		F3FF50902837F445005835D7 /* View */ = {
			isa = PBXGroup;
			children = (
				F3FF50782830B0B4005835D7 /* HomeViewController.swift */,
				F3FF50882830CE2A005835D7 /* MovieCollectionViewCell.swift */,
				F3FF50912837F467005835D7 /* TicketsViewController.swift */,
				F3FF50932837F52B005835D7 /* MovieDetailsViewController.swift */,
			);
			path = View;
			sourceTree = "<group>";
		};
/* End PBXGroup section */

/* Begin PBXNativeTarget section */
		F3FF50702830B0B4005835D7 /* CineBook */ = {
			isa = PBXNativeTarget;
			buildConfigurationList = F3FF50852830B0BE005835D7 /* Build configuration list for PBXNativeTarget "CineBook" */;
			buildPhases = (
				F3FF506D2830B0B4005835D7 /* Sources */,
				F3FF506E2830B0B4005835D7 /* Frameworks */,
				F3FF506F2830B0B4005835D7 /* Resources */,
			);
			buildRules = (
			);
			dependencies = (
			);
			name = CineBook;
			productName = CineBook;
			productReference = F3FF50712830B0B4005835D7 /* CineBook.app */;
			productType = "com.apple.product-type.application";
		};
/* End PBXNativeTarget section */

/* Begin PBXProject section */
		F3FF50692830B0B4005835D7 /* Project object */ = {
			isa = PBXProject;
			attributes = {
				BuildIndependentTargetsInParallel = 1;
				LastSwiftUpdateCheck = 1320;
				LastUpgradeCheck = 1320;
				TargetAttributes = {
					F3FF50702830B0B4005835D7 = {
						CreatedOnToolsVersion = 13.2.1;
					};
				};
			};
			buildConfigurationList = F3FF506C2830B0B4005835D7 /* Build configuration list for PBXProject "CineBook" */;
			compatibilityVersion = "Xcode 13.0";
			developmentRegion = en;
			hasScannedForEncodings = 0;
			knownRegions = (
				en,
				Base,
			);
			mainGroup = F3FF50682830B0B4005835D7;
			productRefGroup = F3FF50722830B0B4005835D7 /* Products */;
			projectDirPath = "";
			projectRoot = "";
			targets = (
				F3FF50702830B0B4005835D7 /* CineBook */,
			);
		};
/* End PBXProject section */

/* Begin PBXResourcesBuildPhase section */
		F3FF506F2830B0B4005835D7 /* Resources */ = {
			isa = PBXResourcesBuildPhase;
			buildActionMask = 2147483647;
			files = (
				F3FF50812830B0BE005835D7 /* LaunchScreen.storyboard in Resources */,
				F3FF507E2830B0BE005835D7 /* Assets.xcassets in Resources */,
				F3FF507C2830B0B4005835D7 /* Main.storyboard in Resources */,
			);
			runOnlyForDeploymentPostprocessing = 0;
		};
/* End PBXResourcesBuildPhase section */

/* Begin PBXSourcesBuildPhase section */
		F3FF506D2830B0B4005835D7 /* Sources */ = {
			isa = PBXSourcesBuildPhase;
			buildActionMask = 2147483647;
			files = (
				F3FF50792830B0B4005835D7 /* HomeViewController.swift in Sources */,
				F3FF50752830B0B4005835D7 /* AppDelegate.swift in Sources */,
				F3FF50942837F52B005835D7 /* MovieDetailsViewController.swift in Sources */,
				F3FF508F2837E12B005835D7 /* MovieManager.swift in Sources */,
				F3FF50772830B0B4005835D7 /* SceneDelegate.swift in Sources */,
				F3FF50922837F467005835D7 /* TicketsViewController.swift in Sources */,
				F3FF50892830CE2B005835D7 /* MovieCollectionViewCell.swift in Sources */,
				F3FF508B2830D093005835D7 /* Movie.swift in Sources */,
			);
			runOnlyForDeploymentPostprocessing = 0;
		};
/* End PBXSourcesBuildPhase section */

/* Begin PBXVariantGroup section */
		F3FF507A2830B0B4005835D7 /* Main.storyboard */ = {
			isa = PBXVariantGroup;
			children = (
				F3FF507B2830B0B4005835D7 /* Base */,
			);
			name = Main.storyboard;
			sourceTree = "<group>";
		};
		F3FF507F2830B0BE005835D7 /* LaunchScreen.storyboard */ = {
			isa = PBXVariantGroup;
			children = (
				F3FF50802830B0BE005835D7 /* Base */,
			);
			name = LaunchScreen.storyboard;
			sourceTree = "<group>";
		};
/* End PBXVariantGroup section */

/* Begin XCBuildConfiguration section */
		F3FF50832830B0BE005835D7 /* Debug */ = {
			isa = XCBuildConfiguration;
			buildSettings = {
				ALWAYS_SEARCH_USER_PATHS = NO;
				CLANG_ANALYZER_NONNULL = YES;
				CLANG_ANALYZER_NUMBER_OBJECT_CONVERSION = YES_AGGRESSIVE;
				CLANG_CXX_LANGUAGE_STANDARD = "gnu++17";
				CLANG_CXX_LIBRARY = "libc++";
				CLANG_ENABLE_MODULES = YES;
				CLANG_ENABLE_OBJC_ARC = YES;
				CLANG_ENABLE_OBJC_WEAK = YES;
				CLANG_WARN_BLOCK_CAPTURE_AUTORELEASING = YES;
				CLANG_WARN_BOOL_CONVERSION = YES;
				CLANG_WARN_COMMA = YES;
				CLANG_WARN_CONSTANT_CONVERSION = YES;
				CLANG_WARN_DEPRECATED_OBJC_IMPLEMENTATIONS = YES;
				CLANG_WARN_DIRECT_OBJC_ISA_USAGE = YES_ERROR;
				CLANG_WARN_DOCUMENTATION_COMMENTS = YES;
				CLANG_WARN_EMPTY_BODY = YES;
				CLANG_WARN_ENUM_CONVERSION = YES;
				CLANG_WARN_INFINITE_RECURSION = YES;
				CLANG_WARN_INT_CONVERSION = YES;
				CLANG_WARN_NON_LITERAL_NULL_CONVERSION = YES;
				CLANG_WARN_OBJC_IMPLICIT_RETAIN_SELF = YES;
				CLANG_WARN_OBJC_LITERAL_CONVERSION = YES;
				CLANG_WARN_OBJC_ROOT_CLASS = YES_ERROR;
				CLANG_WARN_QUOTED_INCLUDE_IN_FRAMEWORK_HEADER = YES;
				CLANG_WARN_RANGE_LOOP_ANALYSIS = YES;
				CLANG_WARN_STRICT_PROTOTYPES = YES;
				CLANG_WARN_SUSPICIOUS_MOVE = YES;
				CLANG_WARN_UNGUARDED_AVAILABILITY = YES_AGGRESSIVE;
				CLANG_WARN_UNREACHABLE_CODE = YES;
				CLANG_WARN__DUPLICATE_METHOD_MATCH = YES;
				COPY_PHASE_STRIP = NO;
				DEBUG_INFORMATION_FORMAT = dwarf;
				ENABLE_STRICT_OBJC_MSGSEND = YES;
				ENABLE_TESTABILITY = YES;
				GCC_C_LANGUAGE_STANDARD = gnu11;
				GCC_DYNAMIC_NO_PIC = NO;
				GCC_NO_COMMON_BLOCKS = YES;
				GCC_OPTIMIZATION_LEVEL = 0;
				GCC_PREPROCESSOR_DEFINITIONS = (
					"DEBUG=1",
					"$(inherited)",
				);
				GCC_WARN_64_TO_32_BIT_CONVERSION = YES;
				GCC_WARN_ABOUT_RETURN_TYPE = YES_ERROR;
				GCC_WARN_UNDECLARED_SELECTOR = YES;
				GCC_WARN_UNINITIALIZED_AUTOS = YES_AGGRESSIVE;
				GCC_WARN_UNUSED_FUNCTION = YES;
				GCC_WARN_UNUSED_VARIABLE = YES;
				IPHONEOS_DEPLOYMENT_TARGET = 15.2;
				MTL_ENABLE_DEBUG_INFO = INCLUDE_SOURCE;
				MTL_FAST_MATH = YES;
				ONLY_ACTIVE_ARCH = YES;
				SDKROOT = iphoneos;
				SWIFT_ACTIVE_COMPILATION_CONDITIONS = DEBUG;
				SWIFT_OPTIMIZATION_LEVEL = "-Onone";
			};
			name = Debug;
		};
		F3FF50842830B0BE005835D7 /* Release */ = {
			isa = XCBuildConfiguration;
			buildSettings = {
				ALWAYS_SEARCH_USER_PATHS = NO;
				CLANG_ANALYZER_NONNULL = YES;
				CLANG_ANALYZER_NUMBER_OBJECT_CONVERSION = YES_AGGRESSIVE;
				CLANG_CXX_LANGUAGE_STANDARD = "gnu++17";
				CLANG_CXX_LIBRARY = "libc++";
				CLANG_ENABLE_MODULES = YES;
				CLANG_ENABLE_OBJC_ARC = YES;
				CLANG_ENABLE_OBJC_WEAK = YES;
				CLANG_WARN_BLOCK_CAPTURE_AUTORELEASING = YES;
				CLANG_WARN_BOOL_CONVERSION = YES;
				CLANG_WARN_COMMA = YES;
				CLANG_WARN_CONSTANT_CONVERSION = YES;
				CLANG_WARN_DEPRECATED_OBJC_IMPLEMENTATIONS = YES;
				CLANG_WARN_DIRECT_OBJC_ISA_USAGE = YES_ERROR;
				CLANG_WARN_DOCUMENTATION_COMMENTS = YES;
				CLANG_WARN_EMPTY_BODY = YES;
				CLANG_WARN_ENUM_CONVERSION = YES;
				CLANG_WARN_INFINITE_RECURSION = YES;
				CLANG_WARN_INT_CONVERSION = YES;
				CLANG_WARN_NON_LITERAL_NULL_CONVERSION = YES;
				CLANG_WARN_OBJC_IMPLICIT_RETAIN_SELF = YES;
				CLANG_WARN_OBJC_LITERAL_CONVERSION = YES;
				CLANG_WARN_OBJC_ROOT_CLASS = YES_ERROR;
				CLANG_WARN_QUOTED_INCLUDE_IN_FRAMEWORK_HEADER = YES;
				CLANG_WARN_RANGE_LOOP_ANALYSIS = YES;
				CLANG_WARN_STRICT_PROTOTYPES = YES;
				CLANG_WARN_SUSPICIOUS_MOVE = YES;
				CLANG_WARN_UNGUARDED_AVAILABILITY = YES_AGGRESSIVE;
				CLANG_WARN_UNREACHABLE_CODE = YES;
				CLANG_WARN__DUPLICATE_METHOD_MATCH = YES;
				COPY_PHASE_STRIP = NO;
				DEBUG_INFORMATION_FORMAT = "dwarf-with-dsym";
				ENABLE_NS_ASSERTIONS = NO;
				ENABLE_STRICT_OBJC_MSGSEND = YES;
				GCC_C_LANGUAGE_STANDARD = gnu11;
				GCC_NO_COMMON_BLOCKS = YES;
				GCC_WARN_64_TO_32_BIT_CONVERSION = YES;
				GCC_WARN_ABOUT_RETURN_TYPE = YES_ERROR;
				GCC_WARN_UNDECLARED_SELECTOR = YES;
				GCC_WARN_UNINITIALIZED_AUTOS = YES_AGGRESSIVE;
				GCC_WARN_UNUSED_FUNCTION = YES;
				GCC_WARN_UNUSED_VARIABLE = YES;
				IPHONEOS_DEPLOYMENT_TARGET = 15.2;
				MTL_ENABLE_DEBUG_INFO = NO;
				MTL_FAST_MATH = YES;
				SDKROOT = iphoneos;
				SWIFT_COMPILATION_MODE = wholemodule;
				SWIFT_OPTIMIZATION_LEVEL = "-O";
				VALIDATE_PRODUCT = YES;
			};
			name = Release;
		};
		F3FF50862830B0BE005835D7 /* Debug */ = {
			isa = XCBuildConfiguration;
			buildSettings = {
				ASSETCATALOG_COMPILER_APPICON_NAME = AppIcon;
				ASSETCATALOG_COMPILER_GLOBAL_ACCENT_COLOR_NAME = AccentColor;
				CODE_SIGN_STYLE = Automatic;
				CURRENT_PROJECT_VERSION = 1;
				GENERATE_INFOPLIST_FILE = YES;
				INFOPLIST_FILE = CineBook/Info.plist;
				INFOPLIST_KEY_CFBundleDisplayName = Cinebook;
				INFOPLIST_KEY_UIApplicationSupportsIndirectInputEvents = YES;
				INFOPLIST_KEY_UILaunchStoryboardName = LaunchScreen;
				INFOPLIST_KEY_UIMainStoryboardFile = Main;
				INFOPLIST_KEY_UISupportedInterfaceOrientations_iPad = "UIInterfaceOrientationPortrait UIInterfaceOrientationPortraitUpsideDown UIInterfaceOrientationLandscapeLeft UIInterfaceOrientationLandscapeRight";
				INFOPLIST_KEY_UISupportedInterfaceOrientations_iPhone = "UIInterfaceOrientationPortrait UIInterfaceOrientationLandscapeLeft UIInterfaceOrientationLandscapeRight";
				LD_RUNPATH_SEARCH_PATHS = (
					"$(inherited)",
					"@executable_path/Frameworks",
				);
				MARKETING_VERSION = 1.0;
				PRODUCT_BUNDLE_IDENTIFIER = au.edu.uts.CineBook;
				PRODUCT_NAME = "$(TARGET_NAME)";
				SWIFT_EMIT_LOC_STRINGS = YES;
				SWIFT_VERSION = 5.0;
				TARGETED_DEVICE_FAMILY = "1,2";
			};
			name = Debug;
		};
		F3FF50872830B0BE005835D7 /* Release */ = {
			isa = XCBuildConfiguration;
			buildSettings = {
				ASSETCATALOG_COMPILER_APPICON_NAME = AppIcon;
				ASSETCATALOG_COMPILER_GLOBAL_ACCENT_COLOR_NAME = AccentColor;
				CODE_SIGN_STYLE = Automatic;
				CURRENT_PROJECT_VERSION = 1;
				GENERATE_INFOPLIST_FILE = YES;
				INFOPLIST_FILE = CineBook/Info.plist;
				INFOPLIST_KEY_CFBundleDisplayName = Cinebook;
				INFOPLIST_KEY_UIApplicationSupportsIndirectInputEvents = YES;
				INFOPLIST_KEY_UILaunchStoryboardName = LaunchScreen;
				INFOPLIST_KEY_UIMainStoryboardFile = Main;
				INFOPLIST_KEY_UISupportedInterfaceOrientations_iPad = "UIInterfaceOrientationPortrait UIInterfaceOrientationPortraitUpsideDown UIInterfaceOrientationLandscapeLeft UIInterfaceOrientationLandscapeRight";
				INFOPLIST_KEY_UISupportedInterfaceOrientations_iPhone = "UIInterfaceOrientationPortrait UIInterfaceOrientationLandscapeLeft UIInterfaceOrientationLandscapeRight";
				LD_RUNPATH_SEARCH_PATHS = (
					"$(inherited)",
					"@executable_path/Frameworks",
				);
				MARKETING_VERSION = 1.0;
				PRODUCT_BUNDLE_IDENTIFIER = au.edu.uts.CineBook;
				PRODUCT_NAME = "$(TARGET_NAME)";
				SWIFT_EMIT_LOC_STRINGS = YES;
				SWIFT_VERSION = 5.0;
				TARGETED_DEVICE_FAMILY = "1,2";
			};
			name = Release;
		};
/* End XCBuildConfiguration section */

/* Begin XCConfigurationList section */
		F3FF506C2830B0B4005835D7 /* Build configuration list for PBXProject "CineBook" */ = {
			isa = XCConfigurationList;
			buildConfigurations = (
				F3FF50832830B0BE005835D7 /* Debug */,
				F3FF50842830B0BE005835D7 /* Release */,
			);
			defaultConfigurationIsVisible = 0;
			defaultConfigurationName = Release;
		};
		F3FF50852830B0BE005835D7 /* Build configuration list for PBXNativeTarget "CineBook" */ = {
			isa = XCConfigurationList;
			buildConfigurations = (
				F3FF50862830B0BE005835D7 /* Debug */,
				F3FF50872830B0BE005835D7 /* Release */,
			);
			defaultConfigurationIsVisible = 0;
			defaultConfigurationName = Release;
		};
/* End XCConfigurationList section */
	};
	rootObject = F3FF50692830B0B4005835D7 /* Project object */;
}
